
Microsoft Visual Studio Solution File, Format Version 12.00
# Visual Studio 2012
Project("{8BC9CEB8-8B4A-11D0-8D11-00A0C91BC942}") = "Mandelbrot_Win32", "Mandelbrot_Win32.vcxproj", "{EE8B2A0C-84B0-4291-800B-603D194D6E91}"
EndProject
Global
	GlobalSection(SolutionConfigurationPlatforms) = preSolution
		Debug|Win32 = Debug|Win32
		Release|Win32 = Release|Win32
	EndGlobalSection
	GlobalSection(ProjectConfigurationPlatforms) = postSolution
		{EE8B2A0C-84B0-4291-800B-603D194D6E91}.Debug|Win32.ActiveCfg = Debug|Win32
		{EE8B2A0C-84B0-4291-800B-603D194D6E91}.Debug|Win32.Build.0 = Debug|Win32
		{EE8B2A0C-84B0-4291-800B-603D194D6E91}.Release|Win32.ActiveCfg = Release|Win32
		{EE8B2A0C-84B0-4291-800B-603D194D6E91}.Release|Win32.Build.0 = Release|Win32
	EndGlobalSection
	GlobalSection(SolutionProperties) = preSolution
		HideSolutionNode = FALSE
	EndGlobalSection
	GlobalSection(Performance) = preSolution
		HasPerformanceSessions = true
	EndGlobalSection
EndGlobal
